
Microsoft Visual Studio Solution File, Format Version 12.00
# Visual Studio Version 17
VisualStudioVersion = 17.11.35208.52
MinimumVisualStudioVersion = 10.0.40219.1
Project("{FAE04EC0-301F-11D3-BF4B-00C04F79EFBC}") = "DatingUtils", "DatingUtils.csproj", "{15952C2D-4521-48DA-A1D1-E6AC9BD2D0C0}"
EndProject
Global
	GlobalSection(SolutionConfigurationPlatforms) = preSolution
		DatingUtils|Any CPU = DatingUtils|Any CPU
	EndGlobalSection
	GlobalSection(ProjectConfigurationPlatforms) = postSolution
		{15952C2D-4521-48DA-A1D1-E6AC9BD2D0C0}.DatingUtils|Any CPU.ActiveCfg = DatingUtils|Any CPU
		{15952C2D-4521-48DA-A1D1-E6AC9BD2D0C0}.DatingUtils|Any CPU.Build.0 = DatingUtils|Any CPU
	EndGlobalSection
	GlobalSection(SolutionProperties) = preSolution
		HideSolutionNode = FALSE
	EndGlobalSection
	GlobalSection(ExtensibilityGlobals) = postSolution
		SolutionGuid = {76F96C3B-58C9-4B20-9E67-FBCEA640503B}
	EndGlobalSection
EndGlobal
